{
  "version": 1,
  "tangled": [
    ".github/workflows/ci.yaml",
    ".github/workflows/ci.yml",
    ".github/workflows/probe.yml",
    ".github/workflows/release.yaml",
    "packages/loom-annotate/package.json",
    "packages/loom-annotate/src/entry.ts",
    "packages/loom-annotate/src/feedback-log.ts",
    "packages/loom-annotate/src/overlay.ts",
    "packages/loom-annotate/src/plugin.ts",
    "packages/loom-annotate/src/print.ts",
    "packages/loom-annotate/tsconfig.json",
    "packages/loom-ast/package.json",
    "packages/loom-ast/src/ast/LoomAst.ts",
    "packages/loom-ast/src/ast/LoomCorpusAst.ts",
    "packages/loom-ast/src/ast/LoomNode.ts",
    "packages/loom-ast/src/ast/LoomSymbol.ts",
    "packages/loom-ast/src/ast/LoomTokens.ts",
    "packages/loom-ast/src/ast/LoomVirtualCode.ts",
    "packages/loom-ast/src/ast/ProductAst.ts",
    "packages/loom-ast/src/ast/Weft.ts",
    "packages/loom-ast/tsconfig.json",
    "packages/loom-config/package.json",
    "packages/loom-config/src/LoomConfig.ts",
    "packages/loom-config/tsconfig.json",
    "packages/loom-devtools/Dockerfile",
    "packages/loom-devtools/build.ts",
    "packages/loom-devtools/docker-compose.yml",
    "packages/loom-devtools/package.json",
    "packages/loom-devtools/src/api.ts",
    "packages/loom-devtools/src/mcp.ts",
    "packages/loom-devtools/src/note.ts",
    "packages/loom-devtools/src/overlay.css",
    "packages/loom-devtools/src/overlay.ts",
    "packages/loom-devtools/src/serve.ts",
    "packages/loom-devtools/src/store.ts",
    "packages/loom-devtools/src/ui.html",
    "packages/loom-devtools/src/ui.ts",
    "packages/loom-devtools/src/vite-env.d.ts",
    "packages/loom-devtools/src/vite.ts",
    "packages/loom-devtools/tsconfig.json",
    "packages/loom-devtools/tsconfig.node.json",
    "packages/loom-lang-services/package.json",
    "packages/loom-lang-services/src/LanguageLoader.ts",
    "packages/loom-lang-services/src/LanguageRegistry.ts",
    "packages/loom-lang-services/src/LanguageService.ts",
    "packages/loom-lang-services/src/LoomLanguage.ts",
    "packages/loom-lang-services/src/LoomStore.ts",
    "packages/loom-lang-services/src/ProseLanguage.ts",
    "packages/loom-lang-services/src/Runtime.ts",
    "packages/loom-lang-services/tsconfig.json",
    "packages/loom-lang/bin/loom-language-server.js",
    "packages/loom-lang/package.json",
    "packages/loom-lang/src/LoomCompiler.ts",
    "packages/loom-lang/src/LoomLanguagePlugin.ts",
    "packages/loom-lang/src/LoomLock.ts",
    "packages/loom-lang/src/LoomMemo.ts",
    "packages/loom-lang/src/LoomServer.ts",
    "packages/loom-lang/src/LoomTangler.ts",
    "packages/loom-lang/src/ManifestBuilder.ts",
    "packages/loom-lang/src/PackageConfig.ts",
    "packages/loom-lang/src/ast/LineRanges.ts",
    "packages/loom-lang/src/ast/LoomAstBuilder.ts",
    "packages/loom-lang/src/ast/LoomCorpusAstBuilder.ts",
    "packages/loom-lang/src/ast/LoomFault.ts",
    "packages/loom-lang/src/ast/LoomVirtualCodeBuilder.ts",
    "packages/loom-lang/src/ast/ProductBuilder.ts",
    "packages/loom-lang/src/ast/WeftClassifier.ts",
    "packages/loom-lang/src/ast/WeftTokeniser.ts",
    "packages/loom-lang/src/index.ts",
    "packages/loom-lang/src/weave/LoomContents.ts",
    "packages/loom-lang/src/weave/LoomWeaver.ts",
    "packages/loom-lang/src/weave/TableOfContentsBuilder.ts",
    "packages/loom-lang/src/weave/WeaveBuilder.ts",
    "packages/loom-lang/src/weave/WovenCorpus.ts",
    "packages/loom-lang/tsconfig.json",
    "packages/loom-lang/vite.config.ts",
    "packages/loom-notes/build.ts",
    "packages/loom-notes/package.json",
    "packages/loom-notes/src/note.ts",
    "packages/loom-notes/src/overlay.css",
    "packages/loom-notes/src/overlay.ts",
    "packages/loom-notes/src/vite-env.d.ts",
    "packages/loom-notes/src/vite.ts",
    "packages/loom-notes/tsconfig.json",
    "packages/loom-notes/tsconfig.node.json",
    "packages/loom-service-typescript/package.json",
    "packages/loom-service-typescript/src/ProductProgram.ts",
    "packages/loom-service-typescript/src/TypescriptService.ts",
    "packages/loom-service-typescript/tsconfig.json",
    "packages/loom-service-typescript/vite.config.ts",
    "packages/loom-vscode/.vscodeignore",
    "packages/loom-vscode/package.json",
    "packages/loom-vscode/src/vscode-extension.ts",
    "packages/loom-vscode/tsconfig.json",
    "packages/loom-vscode/vite.config.ts",
    "packages/loom/docker-compose.yml",
    "packages/loom/package.json",
    "packages/loom/scripts/bump.ts",
    "packages/loom/scripts/release.ts",
    "packages/loom/src/api.ts",
    "packages/loom/src/main.ts",
    "packages/loom/src/mcp.ts",
    "packages/loom/src/store.ts",
    "packages/loom/tsconfig.json",
    "packages/loom/vite.config.ts",
    "scripts/bump.ts",
    "scripts/release.ts",
    "site/Dockerfile",
    "site/index.html",
    "site/package.json",
    "site/src/client/landing.ts",
    "site/src/client/main.ts",
    "site/src/client/model.ts",
    "site/src/client/styles.css",
    "site/src/client/vite-env.d.ts",
    "site/src/server/prerender.ts",
    "site/src/server/server.ts",
    "site/tsconfig.json",
    "site/tsconfig.server.json",
    "site/vite.config.ts"
  ]
}
